
Microsoft Visual Studio Solution File, Format Version 12.00
# Visual Studio Version 16
VisualStudioVersion = 16.0.31410.357
MinimumVisualStudioVersion = 10.0.40219.1
Project("{FAE04EC0-301F-11D3-BF4B-00C04F79EFBC}") = "SumOfDigits", "SumOfDigits.csproj", "{DA301B53-63F7-42EF-AD78-864B9F688947}"
EndProject
Global
	GlobalSection(SolutionConfigurationPlatforms) = preSolution
		Debug|Any CPU = Debug|Any CPU
		Release|Any CPU = Release|Any CPU
	EndGlobalSection
	GlobalSection(ProjectConfigurationPlatforms) = postSolution
		{DA301B53-63F7-42EF-AD78-864B9F688947}.Debug|Any CPU.ActiveCfg = Debug|Any CPU
		{DA301B53-63F7-42EF-AD78-864B9F688947}.Debug|Any CPU.Build.0 = Debug|Any CPU
		{DA301B53-63F7-42EF-AD78-864B9F688947}.Release|Any CPU.ActiveCfg = Release|Any CPU
		{DA301B53-63F7-42EF-AD78-864B9F688947}.Release|Any CPU.Build.0 = Release|Any CPU
	EndGlobalSection
	GlobalSection(SolutionProperties) = preSolution
		HideSolutionNode = FALSE
	EndGlobalSection
	GlobalSection(ExtensibilityGlobals) = postSolution
		SolutionGuid = {57975B3E-C3F2-4E16-91CF-81AD52F773C8}
	EndGlobalSection
EndGlobal
